
Microsoft Visual Studio Solution File, Format Version 12.00
# Visual Studio 15
VisualStudioVersion = 15.0.28307.1738
MinimumVisualStudioVersion = 10.0.40219.1
Project("{FAE04EC0-301F-11D3-BF4B-00C04F79EFBC}") = "RestAPISimulator", "RestAPISimulator\RestAPISimulator.csproj", "{C3062219-2DF7-4F7D-8130-EEABBC724D4A}"
EndProject
Global
	GlobalSection(SolutionConfigurationPlatforms) = preSolution
		Debug|Any CPU = Debug|Any CPU
		Release|Any CPU = Release|Any CPU
	EndGlobalSection
	GlobalSection(ProjectConfigurationPlatforms) = postSolution
		{C3062219-2DF7-4F7D-8130-EEABBC724D4A}.Debug|Any CPU.ActiveCfg = Debug|Any CPU
		{C3062219-2DF7-4F7D-8130-EEABBC724D4A}.Debug|Any CPU.Build.0 = Debug|Any CPU
		{C3062219-2DF7-4F7D-8130-EEABBC724D4A}.Release|Any CPU.ActiveCfg = Release|Any CPU
		{C3062219-2DF7-4F7D-8130-EEABBC724D4A}.Release|Any CPU.Build.0 = Release|Any CPU
	EndGlobalSection
	GlobalSection(SolutionProperties) = preSolution
		HideSolutionNode = FALSE
	EndGlobalSection
	GlobalSection(ExtensibilityGlobals) = postSolution
		SolutionGuid = {10F083A9-71FA-4A54-A3A3-F3C076EC4400}
	EndGlobalSection
EndGlobal
